
Microsoft Visual Studio Solution File, Format Version 12.00
# Visual Studio Version 16
VisualStudioVersion = 25.0.1706.4
MinimumVisualStudioVersion = 10.0.40219.1
Project("{FAE04EC0-301F-11D3-BF4B-00C04F79EFBC}") = "DSA", "DSA\DSA.csproj", "{E85CB33F-4EFF-4691-A3AF-96C7A13AF42E}"
EndProject
Project("{FAE04EC0-301F-11D3-BF4B-00C04F79EFBC}") = "Tests", "Tests\Tests.csproj", "{86EFEC0F-1EBD-4041-9E40-5631CB871D8E}"
EndProject
Global
	GlobalSection(SolutionConfigurationPlatforms) = preSolution
		Debug|Any CPU = Debug|Any CPU
		Release|Any CPU = Release|Any CPU
	EndGlobalSection
	GlobalSection(ProjectConfigurationPlatforms) = postSolution
		{E85CB33F-4EFF-4691-A3AF-96C7A13AF42E}.Debug|Any CPU.ActiveCfg = Debug|Any CPU
		{E85CB33F-4EFF-4691-A3AF-96C7A13AF42E}.Debug|Any CPU.Build.0 = Debug|Any CPU
		{E85CB33F-4EFF-4691-A3AF-96C7A13AF42E}.Release|Any CPU.ActiveCfg = Release|Any CPU
		{E85CB33F-4EFF-4691-A3AF-96C7A13AF42E}.Release|Any CPU.Build.0 = Release|Any CPU
		{86EFEC0F-1EBD-4041-9E40-5631CB871D8E}.Debug|Any CPU.ActiveCfg = Debug|Any CPU
		{86EFEC0F-1EBD-4041-9E40-5631CB871D8E}.Debug|Any CPU.Build.0 = Debug|Any CPU
		{86EFEC0F-1EBD-4041-9E40-5631CB871D8E}.Release|Any CPU.ActiveCfg = Release|Any CPU
		{86EFEC0F-1EBD-4041-9E40-5631CB871D8E}.Release|Any CPU.Build.0 = Release|Any CPU
	EndGlobalSection
	GlobalSection(SolutionProperties) = preSolution
		HideSolutionNode = FALSE
	EndGlobalSection
	GlobalSection(ExtensibilityGlobals) = postSolution
		SolutionGuid = {7E3799A4-B3B9-43A5-8762-66158289BF89}
	EndGlobalSection
EndGlobal
